
Microsoft Visual Studio Solution File, Format Version 12.00
# Visual Studio Version 17
VisualStudioVersion = 17.5.33530.505
MinimumVisualStudioVersion = 10.0.40219.1
Project("{FAE04EC0-301F-11D3-BF4B-00C04F79EFBC}") = "crudd", "crudd.csproj", "{80E06A95-397F-48A3-B6EC-385E23FD59F2}"
EndProject
Global
	GlobalSection(SolutionConfigurationPlatforms) = preSolution
		Debug|Any CPU = Debug|Any CPU
		Release|Any CPU = Release|Any CPU
	EndGlobalSection
	GlobalSection(ProjectConfigurationPlatforms) = postSolution
		{80E06A95-397F-48A3-B6EC-385E23FD59F2}.Debug|Any CPU.ActiveCfg = Debug|Any CPU
		{80E06A95-397F-48A3-B6EC-385E23FD59F2}.Debug|Any CPU.Build.0 = Debug|Any CPU
		{80E06A95-397F-48A3-B6EC-385E23FD59F2}.Release|Any CPU.ActiveCfg = Release|Any CPU
		{80E06A95-397F-48A3-B6EC-385E23FD59F2}.Release|Any CPU.Build.0 = Release|Any CPU
	EndGlobalSection
	GlobalSection(SolutionProperties) = preSolution
		HideSolutionNode = FALSE
	EndGlobalSection
	GlobalSection(ExtensibilityGlobals) = postSolution
		SolutionGuid = {8097EA0C-B743-4443-976A-BF770600130F}
	EndGlobalSection
EndGlobal
